// !$*UTF8*$!
{
	archiveVersion = 1;
	classes = {
	};
	objectVersion = 77;
	objects = {

/* Begin PBXContainerItemProxy section */
		513F9B362DC4416700EA541C /* PBXContainerItemProxy */ = {
			isa = PBXContainerItemProxy;
			containerPortal = 513F9B172DC4416500EA541C /* Project object */;
			proxyType = 1;
			remoteGlobalIDString = 513F9B1E2DC4416500EA541C;
			remoteInfo = ChicagoFoodInspections;
		};
		513F9B402DC4416700EA541C /* PBXContainerItemProxy */ = {
			isa = PBXContainerItemProxy;
			containerPortal = 513F9B172DC4416500EA541C /* Project object */;
			proxyType = 1;
			remoteGlobalIDString = 513F9B1E2DC4416500EA541C;
			remoteInfo = ChicagoFoodInspections;
		};
/* End PBXContainerItemProxy section */

/* Begin PBXFileReference section */
		513F9B1F2DC4416500EA541C /* ChicagoFoodInspections.app */ = {isa = PBXFileReference; explicitFileType = wrapper.application; includeInIndex = 0; path = ChicagoFoodInspections.app; sourceTree = BUILT_PRODUCTS_DIR; };
		513F9B352DC4416700EA541C /* ChicagoFoodInspectionsTests.xctest */ = {isa = PBXFileReference; explicitFileType = wrapper.cfbundle; includeInIndex = 0; path = ChicagoFoodInspectionsTests.xctest; sourceTree = BUILT_PRODUCTS_DIR; };
		513F9B3F2DC4416700EA541C /* ChicagoFoodInspectionsUITests.xctest */ = {isa = PBXFileReference; explicitFileType = wrapper.cfbundle; includeInIndex = 0; path = ChicagoFoodInspectionsUITests.xctest; sourceTree = BUILT_PRODUCTS_DIR; };
		5166F88C2DC496B800F295C6 /* README.md */ = {isa = PBXFileReference; lastKnownFileType = net.daringfireball.markdown; path = README.md; sourceTree = "<group>"; };
/* End PBXFileReference section */

/* Begin PBXFileSystemSynchronizedBuildFileExceptionSet section */
		513F9B472DC4416700EA541C /* Exceptions for "ChicagoFoodInspections" folder in "ChicagoFoodInspections" target */ = {
			isa = PBXFileSystemSynchronizedBuildFileExceptionSet;
			membershipExceptions = (
				Info.plist,
			);
			target = 513F9B1E2DC4416500EA541C /* ChicagoFoodInspections */;
		};
/* End PBXFileSystemSynchronizedBuildFileExceptionSet section */

/* Begin PBXFileSystemSynchronizedRootGroup section */
		513F9B212DC4416500EA541C /* ChicagoFoodInspections */ = {
			isa = PBXFileSystemSynchronizedRootGroup;
			exceptions = (
				513F9B472DC4416700EA541C /* Exceptions for "ChicagoFoodInspections" folder in "ChicagoFoodInspections" target */,
			);
			path = ChicagoFoodInspections;
			sourceTree = "<group>";
		};
		513F9B382DC4416700EA541C /* ChicagoFoodInspectionsTests */ = {
			isa = PBXFileSystemSynchronizedRootGroup;
			path = ChicagoFoodInspectionsTests;
			sourceTree = "<group>";
		};
		513F9B422DC4416700EA541C /* ChicagoFoodInspectionsUITests */ = {
			isa = PBXFileSystemSynchronizedRootGroup;
			path = ChicagoFoodInspectionsUITests;
			sourceTree = "<group>";
		};
/* End PBXFileSystemSynchronizedRootGroup section */

/* Begin PBXFrameworksBuildPhase section */
		513F9B1C2DC4416500EA541C /* Frameworks */ = {
			isa = PBXFrameworksBuildPhase;
			buildActionMask = 2147483647;
			files = (
			);
			runOnlyForDeploymentPostprocessing = 0;
		};
		513F9B322DC4416700EA541C /* Frameworks */ = {
			isa = PBXFrameworksBuildPhase;
			buildActionMask = 2147483647;
			files = (
			);
			runOnlyForDeploymentPostprocessing = 0;
		};
		513F9B3C2DC4416700EA541C /* Frameworks */ = {
			isa = PBXFrameworksBuildPhase;
			buildActionMask = 2147483647;
			files = (
			);
			runOnlyForDeploymentPostprocessing = 0;
		};
/* End PBXFrameworksBuildPhase section */

/* Begin PBXGroup section */
		513F9B162DC4416500EA541C = {
			isa = PBXGroup;
			children = (
				5166F88C2DC496B800F295C6 /* README.md */,
				513F9B212DC4416500EA541C /* ChicagoFoodInspections */,
				513F9B382DC4416700EA541C /* ChicagoFoodInspectionsTests */,
				513F9B422DC4416700EA541C /* ChicagoFoodInspectionsUITests */,
				513F9B202DC4416500EA541C /* Products */,
			);
			sourceTree = "<group>";
		};
		513F9B202DC4416500EA541C /* Products */ = {
			isa = PBXGroup;
			children = (
				513F9B1F2DC4416500EA541C /* ChicagoFoodInspections.app */,
				513F9B352DC4416700EA541C /* ChicagoFoodInspectionsTests.xctest */,
				513F9B3F2DC4416700EA541C /* ChicagoFoodInspectionsUITests.xctest */,
			);
			name = Products;
			sourceTree = "<group>";
		};
/* End PBXGroup section */

/* Begin PBXNativeTarget section */
		513F9B1E2DC4416500EA541C /* ChicagoFoodInspections */ = {
			isa = PBXNativeTarget;
			buildConfigurationList = 513F9B482DC4416700EA541C /* Build configuration list for PBXNativeTarget "ChicagoFoodInspections" */;
			buildPhases = (
				513F9B1B2DC4416500EA541C /* Sources */,
				513F9B1C2DC4416500EA541C /* Frameworks */,
				513F9B1D2DC4416500EA541C /* Resources */,
			);
			buildRules = (
			);
			dependencies = (
			);
			fileSystemSynchronizedGroups = (
				513F9B212DC4416500EA541C /* ChicagoFoodInspections */,
			);
			name = ChicagoFoodInspections;
			packageProductDependencies = (
			);
			productName = ChicagoFoodInspections;
			productReference = 513F9B1F2DC4416500EA541C /* ChicagoFoodInspections.app */;
			productType = "com.apple.product-type.application";
		};
		513F9B342DC4416700EA541C /* ChicagoFoodInspectionsTests */ = {
			isa = PBXNativeTarget;
			buildConfigurationList = 513F9B4D2DC4416700EA541C /* Build configuration list for PBXNativeTarget "ChicagoFoodInspectionsTests" */;
			buildPhases = (
				513F9B312DC4416700EA541C /* Sources */,
				513F9B322DC4416700EA541C /* Frameworks */,
				513F9B332DC4416700EA541C /* Resources */,
			);
			buildRules = (
			);
			dependencies = (
				513F9B372DC4416700EA541C /* PBXTargetDependency */,
			);
			fileSystemSynchronizedGroups = (
				513F9B382DC4416700EA541C /* ChicagoFoodInspectionsTests */,
			);
			name = ChicagoFoodInspectionsTests;
			packageProductDependencies = (
			);
			productName = ChicagoFoodInspectionsTests;
			productReference = 513F9B352DC4416700EA541C /* ChicagoFoodInspectionsTests.xctest */;
			productType = "com.apple.product-type.bundle.unit-test";
		};
		513F9B3E2DC4416700EA541C /* ChicagoFoodInspectionsUITests */ = {
			isa = PBXNativeTarget;
			buildConfigurationList = 513F9B502DC4416700EA541C /* Build configuration list for PBXNativeTarget "ChicagoFoodInspectionsUITests" */;
			buildPhases = (
				513F9B3B2DC4416700EA541C /* Sources */,
				513F9B3C2DC4416700EA541C /* Frameworks */,
				513F9B3D2DC4416700EA541C /* Resources */,
			);
			buildRules = (
			);
			dependencies = (
				513F9B412DC4416700EA541C /* PBXTargetDependency */,
			);
			fileSystemSynchronizedGroups = (
				513F9B422DC4416700EA541C /* ChicagoFoodInspectionsUITests */,
			);
			name = ChicagoFoodInspectionsUITests;
			packageProductDependencies = (
			);
			productName = ChicagoFoodInspectionsUITests;
			productReference = 513F9B3F2DC4416700EA541C /* ChicagoFoodInspectionsUITests.xctest */;
			productType = "com.apple.product-type.bundle.ui-testing";
		};
/* End PBXNativeTarget section */

/* Begin PBXProject section */
		513F9B172DC4416500EA541C /* Project object */ = {
			isa = PBXProject;
			attributes = {
				BuildIndependentTargetsInParallel = 1;
				LastSwiftUpdateCheck = 1630;
				LastUpgradeCheck = 1630;
				TargetAttributes = {
					513F9B1E2DC4416500EA541C = {
						CreatedOnToolsVersion = 16.3;
					};
					513F9B342DC4416700EA541C = {
						CreatedOnToolsVersion = 16.3;
						LastSwiftMigration = 1630;
						TestTargetID = 513F9B1E2DC4416500EA541C;
					};
					513F9B3E2DC4416700EA541C = {
						CreatedOnToolsVersion = 16.3;
						TestTargetID = 513F9B1E2DC4416500EA541C;
					};
				};
			};
			buildConfigurationList = 513F9B1A2DC4416500EA541C /* Build configuration list for PBXProject "ChicagoFoodInspections" */;
			developmentRegion = en;
			hasScannedForEncodings = 0;
			knownRegions = (
				en,
				Base,
			);
			mainGroup = 513F9B162DC4416500EA541C;
			minimizedProjectReferenceProxies = 1;
			preferredProjectObjectVersion = 77;
			productRefGroup = 513F9B202DC4416500EA541C /* Products */;
			projectDirPath = "";
			projectRoot = "";
			targets = (
				513F9B1E2DC4416500EA541C /* ChicagoFoodInspections */,
				513F9B342DC4416700EA541C /* ChicagoFoodInspectionsTests */,
				513F9B3E2DC4416700EA541C /* ChicagoFoodInspectionsUITests */,
			);
		};
/* End PBXProject section */

/* Begin PBXResourcesBuildPhase section */
		513F9B1D2DC4416500EA541C /* Resources */ = {
			isa = PBXResourcesBuildPhase;
			buildActionMask = 2147483647;
			files = (
			);
			runOnlyForDeploymentPostprocessing = 0;
		};
		513F9B332DC4416700EA541C /* Resources */ = {
			isa = PBXResourcesBuildPhase;
			buildActionMask = 2147483647;
			files = (
			);
			runOnlyForDeploymentPostprocessing = 0;
		};
		513F9B3D2DC4416700EA541C /* Resources */ = {
			isa = PBXResourcesBuildPhase;
			buildActionMask = 2147483647;
			files = (
			);
			runOnlyForDeploymentPostprocessing = 0;
		};
/* End PBXResourcesBuildPhase section */

/* Begin PBXSourcesBuildPhase section */
		513F9B1B2DC4416500EA541C /* Sources */ = {
			isa = PBXSourcesBuildPhase;
			buildActionMask = 2147483647;
			files = (
			);
			runOnlyForDeploymentPostprocessing = 0;
		};
		513F9B312DC4416700EA541C /* Sources */ = {
			isa = PBXSourcesBuildPhase;
			buildActionMask = 2147483647;
			files = (
			);
			runOnlyForDeploymentPostprocessing = 0;
		};
		513F9B3B2DC4416700EA541C /* Sources */ = {
			isa = PBXSourcesBuildPhase;
			buildActionMask = 2147483647;
			files = (
			);
			runOnlyForDeploymentPostprocessing = 0;
		};
/* End PBXSourcesBuildPhase section */

/* Begin PBXTargetDependency section */
		513F9B372DC4416700EA541C /* PBXTargetDependency */ = {
			isa = PBXTargetDependency;
			target = 513F9B1E2DC4416500EA541C /* ChicagoFoodInspections */;
			targetProxy = 513F9B362DC4416700EA541C /* PBXContainerItemProxy */;
		};
		513F9B412DC4416700EA541C /* PBXTargetDependency */ = {
			isa = PBXTargetDependency;
			target = 513F9B1E2DC4416500EA541C /* ChicagoFoodInspections */;
			targetProxy = 513F9B402DC4416700EA541C /* PBXContainerItemProxy */;
		};
/* End PBXTargetDependency section */

/* Begin XCBuildConfiguration section */
		510F4AC42DC471DC00731E81 /* Debug-Fake */ = {
			isa = XCBuildConfiguration;
			buildSettings = {
				ALWAYS_SEARCH_USER_PATHS = NO;
				ASSETCATALOG_COMPILER_GENERATE_SWIFT_ASSET_SYMBOL_EXTENSIONS = YES;
				CLANG_ANALYZER_NONNULL = YES;
				CLANG_ANALYZER_NUMBER_OBJECT_CONVERSION = YES_AGGRESSIVE;
				CLANG_CXX_LANGUAGE_STANDARD = "gnu++20";
				CLANG_ENABLE_MODULES = YES;
				CLANG_ENABLE_OBJC_ARC = YES;
				CLANG_ENABLE_OBJC_WEAK = YES;
				CLANG_WARN_BLOCK_CAPTURE_AUTORELEASING = YES;
				CLANG_WARN_BOOL_CONVERSION = YES;
				CLANG_WARN_COMMA = YES;
				CLANG_WARN_CONSTANT_CONVERSION = YES;
				CLANG_WARN_DEPRECATED_OBJC_IMPLEMENTATIONS = YES;
				CLANG_WARN_DIRECT_OBJC_ISA_USAGE = YES_ERROR;
				CLANG_WARN_DOCUMENTATION_COMMENTS = YES;
				CLANG_WARN_EMPTY_BODY = YES;
				CLANG_WARN_ENUM_CONVERSION = YES;
				CLANG_WARN_INFINITE_RECURSION = YES;
				CLANG_WARN_INT_CONVERSION = YES;
				CLANG_WARN_NON_LITERAL_NULL_CONVERSION = YES;
				CLANG_WARN_OBJC_IMPLICIT_RETAIN_SELF = YES;
				CLANG_WARN_OBJC_LITERAL_CONVERSION = YES;
				CLANG_WARN_OBJC_ROOT_CLASS = YES_ERROR;
				CLANG_WARN_QUOTED_INCLUDE_IN_FRAMEWORK_HEADER = YES;
				CLANG_WARN_RANGE_LOOP_ANALYSIS = YES;
				CLANG_WARN_STRICT_PROTOTYPES = YES;
				CLANG_WARN_SUSPICIOUS_MOVE = YES;
				CLANG_WARN_UNGUARDED_AVAILABILITY = YES_AGGRESSIVE;
				CLANG_WARN_UNREACHABLE_CODE = YES;
				CLANG_WARN__DUPLICATE_METHOD_MATCH = YES;
				COPY_PHASE_STRIP = NO;
				DEBUG_INFORMATION_FORMAT = dwarf;
				DEVELOPMENT_TEAM = 67CT6XB4YQ;
				ENABLE_STRICT_OBJC_MSGSEND = YES;
				ENABLE_TESTABILITY = YES;
				ENABLE_USER_SCRIPT_SANDBOXING = YES;
				GCC_C_LANGUAGE_STANDARD = gnu17;
				GCC_DYNAMIC_NO_PIC = NO;
				GCC_NO_COMMON_BLOCKS = YES;
				GCC_OPTIMIZATION_LEVEL = 0;
				GCC_PREPROCESSOR_DEFINITIONS = (
					"DEBUG=1",
					"$(inherited)",
				);
				GCC_WARN_64_TO_32_BIT_CONVERSION = YES;
				GCC_WARN_ABOUT_RETURN_TYPE = YES_ERROR;
				GCC_WARN_UNDECLARED_SELECTOR = YES;
				GCC_WARN_UNINITIALIZED_AUTOS = YES_AGGRESSIVE;
				GCC_WARN_UNUSED_FUNCTION = YES;
				GCC_WARN_UNUSED_VARIABLE = YES;
				IPHONEOS_DEPLOYMENT_TARGET = 18.4;
				LOCALIZATION_PREFERS_STRING_CATALOGS = YES;
				MTL_ENABLE_DEBUG_INFO = INCLUDE_SOURCE;
				MTL_FAST_MATH = YES;
				ONLY_ACTIVE_ARCH = YES;
				SDKROOT = iphoneos;
				SWIFT_ACTIVE_COMPILATION_CONDITIONS = "DEBUG $(inherited)";
				SWIFT_OPTIMIZATION_LEVEL = "-Onone";
			};
			name = "Debug-Fake";
		};
		510F4AC52DC471DC00731E81 /* Debug-Fake */ = {
			isa = XCBuildConfiguration;
			buildSettings = {
				ASSETCATALOG_COMPILER_APPICON_NAME = AppIcon;
				ASSETCATALOG_COMPILER_GLOBAL_ACCENT_COLOR_NAME = AccentColor;
				CODE_SIGN_STYLE = Automatic;
				CURRENT_PROJECT_VERSION = 1;
				DEVELOPMENT_TEAM = 67CT6XB4YQ;
				GENERATE_INFOPLIST_FILE = YES;
				INFOPLIST_FILE = ChicagoFoodInspections/Info.plist;
				INFOPLIST_KEY_UIApplicationSupportsIndirectInputEvents = YES;
				INFOPLIST_KEY_UILaunchStoryboardName = LaunchScreen;
				INFOPLIST_KEY_UISupportedInterfaceOrientations_iPad = "UIInterfaceOrientationPortrait UIInterfaceOrientationPortraitUpsideDown UIInterfaceOrientationLandscapeLeft UIInterfaceOrientationLandscapeRight";
				INFOPLIST_KEY_UISupportedInterfaceOrientations_iPhone = "UIInterfaceOrientationPortrait UIInterfaceOrientationLandscapeLeft UIInterfaceOrientationLandscapeRight";
				LD_RUNPATH_SEARCH_PATHS = (
					"$(inherited)",
					"@executable_path/Frameworks",
				);
				MARKETING_VERSION = 1.0;
				PRODUCT_BUNDLE_IDENTIFIER = com.themizzi.ChicagoFoodInspections;
				PRODUCT_NAME = "$(TARGET_NAME)";
				SWIFT_ACTIVE_COMPILATION_CONDITIONS = "DEBUG USE_FAKES";
				SWIFT_EMIT_LOC_STRINGS = YES;
				SWIFT_VERSION = 5.0;
				TARGETED_DEVICE_FAMILY = "1,2";
			};
			name = "Debug-Fake";
		};
		510F4AC62DC471DC00731E81 /* Debug-Fake */ = {
			isa = XCBuildConfiguration;
			buildSettings = {
				BUNDLE_LOADER = "$(TEST_HOST)";
				CLANG_ENABLE_MODULES = YES;
				CODE_SIGN_STYLE = Automatic;
				CURRENT_PROJECT_VERSION = 1;
				DEVELOPMENT_TEAM = 67CT6XB4YQ;
				GENERATE_INFOPLIST_FILE = YES;
				IPHONEOS_DEPLOYMENT_TARGET = 18.4;
				MARKETING_VERSION = 1.0;
				PRODUCT_BUNDLE_IDENTIFIER = com.themizzi.ChicagoFoodInspectionsTests;
				PRODUCT_NAME = "$(TARGET_NAME)";
				SWIFT_EMIT_LOC_STRINGS = NO;
				SWIFT_OBJC_BRIDGING_HEADER = "ChicagoFoodInspectionsTests/ChicagoFoodInspectionsTests-Bridging-Header.h";
				SWIFT_OPTIMIZATION_LEVEL = "-Onone";
				SWIFT_VERSION = 5.0;
				TARGETED_DEVICE_FAMILY = "1,2";
				TEST_HOST = "$(BUILT_PRODUCTS_DIR)/ChicagoFoodInspections.app/$(BUNDLE_EXECUTABLE_FOLDER_PATH)/ChicagoFoodInspections";
			};
			name = "Debug-Fake";
		};
		510F4AC72DC471DC00731E81 /* Debug-Fake */ = {
			isa = XCBuildConfiguration;
			buildSettings = {
				CODE_SIGN_STYLE = Automatic;
				CURRENT_PROJECT_VERSION = 1;
				DEVELOPMENT_TEAM = 67CT6XB4YQ;
				GENERATE_INFOPLIST_FILE = YES;
				MARKETING_VERSION = 1.0;
				PRODUCT_BUNDLE_IDENTIFIER = com.themizzi.ChicagoFoodInspectionsUITests;
				PRODUCT_NAME = "$(TARGET_NAME)";
				SWIFT_EMIT_LOC_STRINGS = NO;
				SWIFT_VERSION = 5.0;
				TARGETED_DEVICE_FAMILY = "1,2";
				TEST_TARGET_NAME = ChicagoFoodInspections;
			};
			name = "Debug-Fake";
		};
		513F9B492DC4416700EA541C /* Debug */ = {
			isa = XCBuildConfiguration;
			buildSettings = {
				ASSETCATALOG_COMPILER_APPICON_NAME = AppIcon;
				ASSETCATALOG_COMPILER_GLOBAL_ACCENT_COLOR_NAME = AccentColor;
				CODE_SIGN_STYLE = Automatic;
				CURRENT_PROJECT_VERSION = 1;
				DEVELOPMENT_TEAM = 67CT6XB4YQ;
				GENERATE_INFOPLIST_FILE = YES;
				INFOPLIST_FILE = ChicagoFoodInspections/Info.plist;
				INFOPLIST_KEY_UIApplicationSupportsIndirectInputEvents = YES;
				INFOPLIST_KEY_UILaunchStoryboardName = LaunchScreen;
				INFOPLIST_KEY_UISupportedInterfaceOrientations_iPad = "UIInterfaceOrientationPortrait UIInterfaceOrientationPortraitUpsideDown UIInterfaceOrientationLandscapeLeft UIInterfaceOrientationLandscapeRight";
				INFOPLIST_KEY_UISupportedInterfaceOrientations_iPhone = "UIInterfaceOrientationPortrait UIInterfaceOrientationLandscapeLeft UIInterfaceOrientationLandscapeRight";
				LD_RUNPATH_SEARCH_PATHS = (
					"$(inherited)",
					"@executable_path/Frameworks",
				);
				MARKETING_VERSION = 1.0;
				PRODUCT_BUNDLE_IDENTIFIER = com.themizzi.ChicagoFoodInspections;
				PRODUCT_NAME = "$(TARGET_NAME)";
				SWIFT_ACTIVE_COMPILATION_CONDITIONS = DEBUG;
				SWIFT_EMIT_LOC_STRINGS = YES;
				SWIFT_VERSION = 5.0;
				TARGETED_DEVICE_FAMILY = "1,2";
			};
			name = Debug;
		};
		513F9B4A2DC4416700EA541C /* Release */ = {
			isa = XCBuildConfiguration;
			buildSettings = {
				ASSETCATALOG_COMPILER_APPICON_NAME = AppIcon;
				ASSETCATALOG_COMPILER_GLOBAL_ACCENT_COLOR_NAME = AccentColor;
				CODE_SIGN_STYLE = Automatic;
				CURRENT_PROJECT_VERSION = 1;
				DEVELOPMENT_TEAM = 67CT6XB4YQ;
				GENERATE_INFOPLIST_FILE = YES;
				INFOPLIST_FILE = ChicagoFoodInspections/Info.plist;
				INFOPLIST_KEY_UIApplicationSupportsIndirectInputEvents = YES;
				INFOPLIST_KEY_UILaunchStoryboardName = LaunchScreen;
				INFOPLIST_KEY_UISupportedInterfaceOrientations_iPad = "UIInterfaceOrientationPortrait UIInterfaceOrientationPortraitUpsideDown UIInterfaceOrientationLandscapeLeft UIInterfaceOrientationLandscapeRight";
				INFOPLIST_KEY_UISupportedInterfaceOrientations_iPhone = "UIInterfaceOrientationPortrait UIInterfaceOrientationLandscapeLeft UIInterfaceOrientationLandscapeRight";
				LD_RUNPATH_SEARCH_PATHS = (
					"$(inherited)",
					"@executable_path/Frameworks",
				);
				MARKETING_VERSION = 1.0;
				PRODUCT_BUNDLE_IDENTIFIER = com.themizzi.ChicagoFoodInspections;
				PRODUCT_NAME = "$(TARGET_NAME)";
				SWIFT_EMIT_LOC_STRINGS = YES;
				SWIFT_VERSION = 5.0;
				TARGETED_DEVICE_FAMILY = "1,2";
			};
			name = Release;
		};
		513F9B4B2DC4416700EA541C /* Debug */ = {
			isa = XCBuildConfiguration;
			buildSettings = {
				ALWAYS_SEARCH_USER_PATHS = NO;
				ASSETCATALOG_COMPILER_GENERATE_SWIFT_ASSET_SYMBOL_EXTENSIONS = YES;
				CLANG_ANALYZER_NONNULL = YES;
				CLANG_ANALYZER_NUMBER_OBJECT_CONVERSION = YES_AGGRESSIVE;
				CLANG_CXX_LANGUAGE_STANDARD = "gnu++20";
				CLANG_ENABLE_MODULES = YES;
				CLANG_ENABLE_OBJC_ARC = YES;
				CLANG_ENABLE_OBJC_WEAK = YES;
				CLANG_WARN_BLOCK_CAPTURE_AUTORELEASING = YES;
				CLANG_WARN_BOOL_CONVERSION = YES;
				CLANG_WARN_COMMA = YES;
				CLANG_WARN_CONSTANT_CONVERSION = YES;
				CLANG_WARN_DEPRECATED_OBJC_IMPLEMENTATIONS = YES;
				CLANG_WARN_DIRECT_OBJC_ISA_USAGE = YES_ERROR;
				CLANG_WARN_DOCUMENTATION_COMMENTS = YES;
				CLANG_WARN_EMPTY_BODY = YES;
				CLANG_WARN_ENUM_CONVERSION = YES;
				CLANG_WARN_INFINITE_RECURSION = YES;
				CLANG_WARN_INT_CONVERSION = YES;
				CLANG_WARN_NON_LITERAL_NULL_CONVERSION = YES;
				CLANG_WARN_OBJC_IMPLICIT_RETAIN_SELF = YES;
				CLANG_WARN_OBJC_LITERAL_CONVERSION = YES;
				CLANG_WARN_OBJC_ROOT_CLASS = YES_ERROR;
				CLANG_WARN_QUOTED_INCLUDE_IN_FRAMEWORK_HEADER = YES;
				CLANG_WARN_RANGE_LOOP_ANALYSIS = YES;
				CLANG_WARN_STRICT_PROTOTYPES = YES;
				CLANG_WARN_SUSPICIOUS_MOVE = YES;
				CLANG_WARN_UNGUARDED_AVAILABILITY = YES_AGGRESSIVE;
				CLANG_WARN_UNREACHABLE_CODE = YES;
				CLANG_WARN__DUPLICATE_METHOD_MATCH = YES;
				COPY_PHASE_STRIP = NO;
				DEBUG_INFORMATION_FORMAT = dwarf;
				DEVELOPMENT_TEAM = 67CT6XB4YQ;
				ENABLE_STRICT_OBJC_MSGSEND = YES;
				ENABLE_TESTABILITY = YES;
				ENABLE_USER_SCRIPT_SANDBOXING = YES;
				GCC_C_LANGUAGE_STANDARD = gnu17;
				GCC_DYNAMIC_NO_PIC = NO;
				GCC_NO_COMMON_BLOCKS = YES;
				GCC_OPTIMIZATION_LEVEL = 0;
				GCC_PREPROCESSOR_DEFINITIONS = (
					"DEBUG=1",
					"$(inherited)",
				);
				GCC_WARN_64_TO_32_BIT_CONVERSION = YES;
				GCC_WARN_ABOUT_RETURN_TYPE = YES_ERROR;
				GCC_WARN_UNDECLARED_SELECTOR = YES;
				GCC_WARN_UNINITIALIZED_AUTOS = YES_AGGRESSIVE;
				GCC_WARN_UNUSED_FUNCTION = YES;
				GCC_WARN_UNUSED_VARIABLE = YES;
				IPHONEOS_DEPLOYMENT_TARGET = 18.4;
				LOCALIZATION_PREFERS_STRING_CATALOGS = YES;
				MTL_ENABLE_DEBUG_INFO = INCLUDE_SOURCE;
				MTL_FAST_MATH = YES;
				ONLY_ACTIVE_ARCH = YES;
				SDKROOT = iphoneos;
				SWIFT_ACTIVE_COMPILATION_CONDITIONS = "DEBUG $(inherited)";
				SWIFT_OPTIMIZATION_LEVEL = "-Onone";
			};
			name = Debug;
		};
		513F9B4C2DC4416700EA541C /* Release */ = {
			isa = XCBuildConfiguration;
			buildSettings = {
				ALWAYS_SEARCH_USER_PATHS = NO;
				ASSETCATALOG_COMPILER_GENERATE_SWIFT_ASSET_SYMBOL_EXTENSIONS = YES;
				CLANG_ANALYZER_NONNULL = YES;
				CLANG_ANALYZER_NUMBER_OBJECT_CONVERSION = YES_AGGRESSIVE;
				CLANG_CXX_LANGUAGE_STANDARD = "gnu++20";
				CLANG_ENABLE_MODULES = YES;
				CLANG_ENABLE_OBJC_ARC = YES;
				CLANG_ENABLE_OBJC_WEAK = YES;
				CLANG_WARN_BLOCK_CAPTURE_AUTORELEASING = YES;
				CLANG_WARN_BOOL_CONVERSION = YES;
				CLANG_WARN_COMMA = YES;
				CLANG_WARN_CONSTANT_CONVERSION = YES;
				CLANG_WARN_DEPRECATED_OBJC_IMPLEMENTATIONS = YES;
				CLANG_WARN_DIRECT_OBJC_ISA_USAGE = YES_ERROR;
				CLANG_WARN_DOCUMENTATION_COMMENTS = YES;
				CLANG_WARN_EMPTY_BODY = YES;
				CLANG_WARN_ENUM_CONVERSION = YES;
				CLANG_WARN_INFINITE_RECURSION = YES;
				CLANG_WARN_INT_CONVERSION = YES;
				CLANG_WARN_NON_LITERAL_NULL_CONVERSION = YES;
				CLANG_WARN_OBJC_IMPLICIT_RETAIN_SELF = YES;
				CLANG_WARN_OBJC_LITERAL_CONVERSION = YES;
				CLANG_WARN_OBJC_ROOT_CLASS = YES_ERROR;
				CLANG_WARN_QUOTED_INCLUDE_IN_FRAMEWORK_HEADER = YES;
				CLANG_WARN_RANGE_LOOP_ANALYSIS = YES;
				CLANG_WARN_STRICT_PROTOTYPES = YES;
				CLANG_WARN_SUSPICIOUS_MOVE = YES;
				CLANG_WARN_UNGUARDED_AVAILABILITY = YES_AGGRESSIVE;
				CLANG_WARN_UNREACHABLE_CODE = YES;
				CLANG_WARN__DUPLICATE_METHOD_MATCH = YES;
				COPY_PHASE_STRIP = NO;
				DEBUG_INFORMATION_FORMAT = "dwarf-with-dsym";
				DEVELOPMENT_TEAM = 67CT6XB4YQ;
				ENABLE_NS_ASSERTIONS = NO;
				ENABLE_STRICT_OBJC_MSGSEND = YES;
				ENABLE_USER_SCRIPT_SANDBOXING = YES;
				GCC_C_LANGUAGE_STANDARD = gnu17;
				GCC_NO_COMMON_BLOCKS = YES;
				GCC_WARN_64_TO_32_BIT_CONVERSION = YES;
				GCC_WARN_ABOUT_RETURN_TYPE = YES_ERROR;
				GCC_WARN_UNDECLARED_SELECTOR = YES;
				GCC_WARN_UNINITIALIZED_AUTOS = YES_AGGRESSIVE;
				GCC_WARN_UNUSED_FUNCTION = YES;
				GCC_WARN_UNUSED_VARIABLE = YES;
				IPHONEOS_DEPLOYMENT_TARGET = 18.4;
				LOCALIZATION_PREFERS_STRING_CATALOGS = YES;
				MTL_ENABLE_DEBUG_INFO = NO;
				MTL_FAST_MATH = YES;
				SDKROOT = iphoneos;
				SWIFT_COMPILATION_MODE = wholemodule;
				VALIDATE_PRODUCT = YES;
			};
			name = Release;
		};
		513F9B4E2DC4416700EA541C /* Debug */ = {
			isa = XCBuildConfiguration;
			buildSettings = {
				BUNDLE_LOADER = "$(TEST_HOST)";
				CLANG_ENABLE_MODULES = YES;
				CODE_SIGN_STYLE = Automatic;
				CURRENT_PROJECT_VERSION = 1;
				DEVELOPMENT_TEAM = 67CT6XB4YQ;
				GENERATE_INFOPLIST_FILE = YES;
				IPHONEOS_DEPLOYMENT_TARGET = 18.4;
				MARKETING_VERSION = 1.0;
				PRODUCT_BUNDLE_IDENTIFIER = com.themizzi.ChicagoFoodInspectionsTests;
				PRODUCT_NAME = "$(TARGET_NAME)";
				SWIFT_EMIT_LOC_STRINGS = NO;
				SWIFT_OBJC_BRIDGING_HEADER = "ChicagoFoodInspectionsTests/ChicagoFoodInspectionsTests-Bridging-Header.h";
				SWIFT_OPTIMIZATION_LEVEL = "-Onone";
				SWIFT_VERSION = 5.0;
				TARGETED_DEVICE_FAMILY = "1,2";
				TEST_HOST = "$(BUILT_PRODUCTS_DIR)/ChicagoFoodInspections.app/$(BUNDLE_EXECUTABLE_FOLDER_PATH)/ChicagoFoodInspections";
			};
			name = Debug;
		};
		513F9B4F2DC4416700EA541C /* Release */ = {
			isa = XCBuildConfiguration;
			buildSettings = {
				BUNDLE_LOADER = "$(TEST_HOST)";
				CLANG_ENABLE_MODULES = YES;
				CODE_SIGN_STYLE = Automatic;
				CURRENT_PROJECT_VERSION = 1;
				DEVELOPMENT_TEAM = 67CT6XB4YQ;
				GENERATE_INFOPLIST_FILE = YES;
				IPHONEOS_DEPLOYMENT_TARGET = 18.4;
				MARKETING_VERSION = 1.0;
				PRODUCT_BUNDLE_IDENTIFIER = com.themizzi.ChicagoFoodInspectionsTests;
				PRODUCT_NAME = "$(TARGET_NAME)";
				SWIFT_EMIT_LOC_STRINGS = NO;
				SWIFT_OBJC_BRIDGING_HEADER = "ChicagoFoodInspectionsTests/ChicagoFoodInspectionsTests-Bridging-Header.h";
				SWIFT_VERSION = 5.0;
				TARGETED_DEVICE_FAMILY = "1,2";
				TEST_HOST = "$(BUILT_PRODUCTS_DIR)/ChicagoFoodInspections.app/$(BUNDLE_EXECUTABLE_FOLDER_PATH)/ChicagoFoodInspections";
			};
			name = Release;
		};
		513F9B512DC4416700EA541C /* Debug */ = {
			isa = XCBuildConfiguration;
			buildSettings = {
				CODE_SIGN_STYLE = Automatic;
				CURRENT_PROJECT_VERSION = 1;
				DEVELOPMENT_TEAM = 67CT6XB4YQ;
				GENERATE_INFOPLIST_FILE = YES;
				MARKETING_VERSION = 1.0;
				PRODUCT_BUNDLE_IDENTIFIER = com.themizzi.ChicagoFoodInspectionsUITests;
				PRODUCT_NAME = "$(TARGET_NAME)";
				SWIFT_EMIT_LOC_STRINGS = NO;
				SWIFT_VERSION = 5.0;
				TARGETED_DEVICE_FAMILY = "1,2";
				TEST_TARGET_NAME = ChicagoFoodInspections;
			};
			name = Debug;
		};
		513F9B522DC4416700EA541C /* Release */ = {
			isa = XCBuildConfiguration;
			buildSettings = {
				CODE_SIGN_STYLE = Automatic;
				CURRENT_PROJECT_VERSION = 1;
				DEVELOPMENT_TEAM = 67CT6XB4YQ;
				GENERATE_INFOPLIST_FILE = YES;
				MARKETING_VERSION = 1.0;
				PRODUCT_BUNDLE_IDENTIFIER = com.themizzi.ChicagoFoodInspectionsUITests;
				PRODUCT_NAME = "$(TARGET_NAME)";
				SWIFT_EMIT_LOC_STRINGS = NO;
				SWIFT_VERSION = 5.0;
				TARGETED_DEVICE_FAMILY = "1,2";
				TEST_TARGET_NAME = ChicagoFoodInspections;
			};
			name = Release;
		};
/* End XCBuildConfiguration section */

/* Begin XCConfigurationList section */
		513F9B1A2DC4416500EA541C /* Build configuration list for PBXProject "ChicagoFoodInspections" */ = {
			isa = XCConfigurationList;
			buildConfigurations = (
				513F9B4B2DC4416700EA541C /* Debug */,
				510F4AC42DC471DC00731E81 /* Debug-Fake */,
				513F9B4C2DC4416700EA541C /* Release */,
			);
			defaultConfigurationIsVisible = 0;
			defaultConfigurationName = Release;
		};
		513F9B482DC4416700EA541C /* Build configuration list for PBXNativeTarget "ChicagoFoodInspections" */ = {
			isa = XCConfigurationList;
			buildConfigurations = (
				513F9B492DC4416700EA541C /* Debug */,
				510F4AC52DC471DC00731E81 /* Debug-Fake */,
				513F9B4A2DC4416700EA541C /* Release */,
			);
			defaultConfigurationIsVisible = 0;
			defaultConfigurationName = Release;
		};
		513F9B4D2DC4416700EA541C /* Build configuration list for PBXNativeTarget "ChicagoFoodInspectionsTests" */ = {
			isa = XCConfigurationList;
			buildConfigurations = (
				513F9B4E2DC4416700EA541C /* Debug */,
				510F4AC62DC471DC00731E81 /* Debug-Fake */,
				513F9B4F2DC4416700EA541C /* Release */,
			);
			defaultConfigurationIsVisible = 0;
			defaultConfigurationName = Release;
		};
		513F9B502DC4416700EA541C /* Build configuration list for PBXNativeTarget "ChicagoFoodInspectionsUITests" */ = {
			isa = XCConfigurationList;
			buildConfigurations = (
				513F9B512DC4416700EA541C /* Debug */,
				510F4AC72DC471DC00731E81 /* Debug-Fake */,
				513F9B522DC4416700EA541C /* Release */,
			);
			defaultConfigurationIsVisible = 0;
			defaultConfigurationName = Release;
		};
/* End XCConfigurationList section */
	};
	rootObject = 513F9B172DC4416500EA541C /* Project object */;
}
